
Microsoft Visual Studio Solution File, Format Version 12.00
# Visual Studio 14
VisualStudioVersion = 14.0.24720.0
MinimumVisualStudioVersion = 10.0.40219.1
Project("{FAE04EC0-301F-11D3-BF4B-00C04F79EFBC}") = "RemindMe", "RemindMe\RemindMe.csproj", "{6FFA4A21-D17B-4FE3-B5CC-AB3D34ECD197}"
EndProject
Project("{FAE04EC0-301F-11D3-BF4B-00C04F79EFBC}") = "Business Logic Layer", "Business Logic Layer\Business Logic Layer.csproj", "{84C1DE31-81CB-43C5-9717-2D20F7C6B43E}"
EndProject
Project("{FAE04EC0-301F-11D3-BF4B-00C04F79EFBC}") = "Data Access Layer", "Data Access Layer\Data Access Layer.csproj", "{BDB579DF-EF91-4CE3-A7BD-40DA7D0B78C6}"
EndProject
Project("{FAE04EC0-301F-11D3-BF4B-00C04F79EFBC}") = "Database.Entity", "Database.Entity\Database.Entity.csproj", "{B15CF13C-05DB-4346-ADB0-704B0756C1E9}"
EndProject
Project("{54435603-DBB4-11D2-8724-00A0C9A8B90C}") = "SetupRemindMe17", "SetupRemindMe17\SetupRemindMe17.vdproj", "{184B29A2-44F7-47D8-AA28-4CA44B81EEC0}"
EndProject
Global
	GlobalSection(SolutionConfigurationPlatforms) = preSolution
		Debug|Any CPU = Debug|Any CPU
		Debug|x86 = Debug|x86
		Release|Any CPU = Release|Any CPU
		Release|x86 = Release|x86
	EndGlobalSection
	GlobalSection(ProjectConfigurationPlatforms) = postSolution
		{6FFA4A21-D17B-4FE3-B5CC-AB3D34ECD197}.Debug|Any CPU.ActiveCfg = Debug|Any CPU
		{6FFA4A21-D17B-4FE3-B5CC-AB3D34ECD197}.Debug|Any CPU.Build.0 = Debug|Any CPU
		{6FFA4A21-D17B-4FE3-B5CC-AB3D34ECD197}.Debug|x86.ActiveCfg = Debug|Any CPU
		{6FFA4A21-D17B-4FE3-B5CC-AB3D34ECD197}.Debug|x86.Build.0 = Debug|Any CPU
		{6FFA4A21-D17B-4FE3-B5CC-AB3D34ECD197}.Release|Any CPU.ActiveCfg = Release|Any CPU
		{6FFA4A21-D17B-4FE3-B5CC-AB3D34ECD197}.Release|Any CPU.Build.0 = Release|Any CPU
		{6FFA4A21-D17B-4FE3-B5CC-AB3D34ECD197}.Release|x86.ActiveCfg = Release|Any CPU
		{6FFA4A21-D17B-4FE3-B5CC-AB3D34ECD197}.Release|x86.Build.0 = Release|Any CPU
		{84C1DE31-81CB-43C5-9717-2D20F7C6B43E}.Debug|Any CPU.ActiveCfg = Debug|Any CPU
		{84C1DE31-81CB-43C5-9717-2D20F7C6B43E}.Debug|Any CPU.Build.0 = Debug|Any CPU
		{84C1DE31-81CB-43C5-9717-2D20F7C6B43E}.Debug|x86.ActiveCfg = Debug|Any CPU
		{84C1DE31-81CB-43C5-9717-2D20F7C6B43E}.Debug|x86.Build.0 = Debug|Any CPU
		{84C1DE31-81CB-43C5-9717-2D20F7C6B43E}.Release|Any CPU.ActiveCfg = Release|Any CPU
		{84C1DE31-81CB-43C5-9717-2D20F7C6B43E}.Release|Any CPU.Build.0 = Release|Any CPU
		{84C1DE31-81CB-43C5-9717-2D20F7C6B43E}.Release|x86.ActiveCfg = Release|Any CPU
		{84C1DE31-81CB-43C5-9717-2D20F7C6B43E}.Release|x86.Build.0 = Release|Any CPU
		{BDB579DF-EF91-4CE3-A7BD-40DA7D0B78C6}.Debug|Any CPU.ActiveCfg = Debug|Any CPU
		{BDB579DF-EF91-4CE3-A7BD-40DA7D0B78C6}.Debug|Any CPU.Build.0 = Debug|Any CPU
		{BDB579DF-EF91-4CE3-A7BD-40DA7D0B78C6}.Debug|x86.ActiveCfg = Debug|Any CPU
		{BDB579DF-EF91-4CE3-A7BD-40DA7D0B78C6}.Debug|x86.Build.0 = Debug|Any CPU
		{BDB579DF-EF91-4CE3-A7BD-40DA7D0B78C6}.Release|Any CPU.ActiveCfg = Release|Any CPU
		{BDB579DF-EF91-4CE3-A7BD-40DA7D0B78C6}.Release|Any CPU.Build.0 = Release|Any CPU
		{BDB579DF-EF91-4CE3-A7BD-40DA7D0B78C6}.Release|x86.ActiveCfg = Release|Any CPU
		{BDB579DF-EF91-4CE3-A7BD-40DA7D0B78C6}.Release|x86.Build.0 = Release|Any CPU
		{B15CF13C-05DB-4346-ADB0-704B0756C1E9}.Debug|Any CPU.ActiveCfg = Debug|Any CPU
		{B15CF13C-05DB-4346-ADB0-704B0756C1E9}.Debug|Any CPU.Build.0 = Debug|Any CPU
		{B15CF13C-05DB-4346-ADB0-704B0756C1E9}.Debug|x86.ActiveCfg = Debug|Any CPU
		{B15CF13C-05DB-4346-ADB0-704B0756C1E9}.Debug|x86.Build.0 = Debug|Any CPU
		{B15CF13C-05DB-4346-ADB0-704B0756C1E9}.Release|Any CPU.ActiveCfg = Release|Any CPU
		{B15CF13C-05DB-4346-ADB0-704B0756C1E9}.Release|Any CPU.Build.0 = Release|Any CPU
		{B15CF13C-05DB-4346-ADB0-704B0756C1E9}.Release|x86.ActiveCfg = Release|Any CPU
		{B15CF13C-05DB-4346-ADB0-704B0756C1E9}.Release|x86.Build.0 = Release|Any CPU
		{184B29A2-44F7-47D8-AA28-4CA44B81EEC0}.Debug|Any CPU.ActiveCfg = Debug
		{184B29A2-44F7-47D8-AA28-4CA44B81EEC0}.Debug|Any CPU.Build.0 = Debug
		{184B29A2-44F7-47D8-AA28-4CA44B81EEC0}.Debug|x86.ActiveCfg = Debug
		{184B29A2-44F7-47D8-AA28-4CA44B81EEC0}.Release|Any CPU.ActiveCfg = Release
		{184B29A2-44F7-47D8-AA28-4CA44B81EEC0}.Release|x86.ActiveCfg = Release
	EndGlobalSection
	GlobalSection(SolutionProperties) = preSolution
		HideSolutionNode = FALSE
	EndGlobalSection
	GlobalSection(ExtensibilityGlobals) = postSolution
		SolutionGuid = {17EFD987-510C-4C2E-939C-5686A37E6982}
	EndGlobalSection
EndGlobal
